
Microsoft Visual Studio Solution File, Format Version 12.00
# Visual Studio Version 17
VisualStudioVersion = 17.0.31903.59
MinimumVisualStudioVersion = 10.0.40219.1
Project("{2150E333-8FDC-42A3-9474-1A3956D46DE8}") = "src", "src", "{D7AC202D-BAB2-409B-89AA-2671ACD684D8}"
EndProject
Project("{FAE04EC0-301F-11D3-BF4B-00C04F79EFBC}") = "BookManager.Graph", "src\BookManager.Graph\BookManager.Graph.csproj", "{B560AD61-F1E5-4F46-9FBF-CACAE7983985}"
EndProject
Global
	GlobalSection(SolutionConfigurationPlatforms) = preSolution
		Debug|Any CPU = Debug|Any CPU
		Release|Any CPU = Release|Any CPU
	EndGlobalSection
	GlobalSection(SolutionProperties) = preSolution
		HideSolutionNode = FALSE
	EndGlobalSection
	GlobalSection(ProjectConfigurationPlatforms) = postSolution
		{B560AD61-F1E5-4F46-9FBF-CACAE7983985}.Debug|Any CPU.ActiveCfg = Debug|Any CPU
		{B560AD61-F1E5-4F46-9FBF-CACAE7983985}.Debug|Any CPU.Build.0 = Debug|Any CPU
		{B560AD61-F1E5-4F46-9FBF-CACAE7983985}.Release|Any CPU.ActiveCfg = Release|Any CPU
		{B560AD61-F1E5-4F46-9FBF-CACAE7983985}.Release|Any CPU.Build.0 = Release|Any CPU
	EndGlobalSection
	GlobalSection(NestedProjects) = preSolution
		{B560AD61-F1E5-4F46-9FBF-CACAE7983985} = {D7AC202D-BAB2-409B-89AA-2671ACD684D8}
	EndGlobalSection
EndGlobal
